
Microsoft Visual Studio Solution File, Format Version 12.00
# Visual Studio Version 17
VisualStudioVersion = 17.5.33312.197
MinimumVisualStudioVersion = 10.0.40219.1
Project("{FAE04EC0-301F-11D3-BF4B-00C04F79EFBC}") = "Payment.API", "Payment.API.csproj", "{FDA205F2-FEDD-43C3-AB4B-C6D0E5F3DEAC}"
EndProject
Global
	GlobalSection(SolutionConfigurationPlatforms) = preSolution
		Debug|Any CPU = Debug|Any CPU
		Release|Any CPU = Release|Any CPU
	EndGlobalSection
	GlobalSection(ProjectConfigurationPlatforms) = postSolution
		{FDA205F2-FEDD-43C3-AB4B-C6D0E5F3DEAC}.Debug|Any CPU.ActiveCfg = Debug|Any CPU
		{FDA205F2-FEDD-43C3-AB4B-C6D0E5F3DEAC}.Debug|Any CPU.Build.0 = Debug|Any CPU
		{FDA205F2-FEDD-43C3-AB4B-C6D0E5F3DEAC}.Release|Any CPU.ActiveCfg = Release|Any CPU
		{FDA205F2-FEDD-43C3-AB4B-C6D0E5F3DEAC}.Release|Any CPU.Build.0 = Release|Any CPU
	EndGlobalSection
	GlobalSection(SolutionProperties) = preSolution
		HideSolutionNode = FALSE
	EndGlobalSection
	GlobalSection(ExtensibilityGlobals) = postSolution
		SolutionGuid = {733662E9-BA52-4F0B-AB19-A0E15943336B}
	EndGlobalSection
EndGlobal
